
Microsoft Visual Studio Solution File, Format Version 12.00
# Visual Studio Version 17
VisualStudioVersion = 17.1.32414.318
MinimumVisualStudioVersion = 10.0.40219.1
Project("{FAE04EC0-301F-11D3-BF4B-00C04F79EFBC}") = "OnlineHotel.Web", "OnlineHotel.Web\OnlineHotel.Web.csproj", "{EC82F782-5515-4FF7-8E8C-F863369266BB}"
EndProject
Project("{FAE04EC0-301F-11D3-BF4B-00C04F79EFBC}") = "OnlineHotel.Models", "OnlineHotel.Models\OnlineHotel.Models.csproj", "{F78AC16D-72AE-4A2A-9862-30EFEE02252D}"
EndProject
Project("{FAE04EC0-301F-11D3-BF4B-00C04F79EFBC}") = "OnlineHotel.BLL", "OnlineHotel.BLL\OnlineHotel.BLL.csproj", "{1CABEB2B-6E57-4533-B1F2-F38243C2367F}"
EndProject
Global
	GlobalSection(SolutionConfigurationPlatforms) = preSolution
		Debug|Any CPU = Debug|Any CPU
		Release|Any CPU = Release|Any CPU
	EndGlobalSection
	GlobalSection(ProjectConfigurationPlatforms) = postSolution
		{EC82F782-5515-4FF7-8E8C-F863369266BB}.Debug|Any CPU.ActiveCfg = Debug|Any CPU
		{EC82F782-5515-4FF7-8E8C-F863369266BB}.Debug|Any CPU.Build.0 = Debug|Any CPU
		{EC82F782-5515-4FF7-8E8C-F863369266BB}.Release|Any CPU.ActiveCfg = Release|Any CPU
		{EC82F782-5515-4FF7-8E8C-F863369266BB}.Release|Any CPU.Build.0 = Release|Any CPU
		{F78AC16D-72AE-4A2A-9862-30EFEE02252D}.Debug|Any CPU.ActiveCfg = Debug|Any CPU
		{F78AC16D-72AE-4A2A-9862-30EFEE02252D}.Debug|Any CPU.Build.0 = Debug|Any CPU
		{F78AC16D-72AE-4A2A-9862-30EFEE02252D}.Release|Any CPU.ActiveCfg = Release|Any CPU
		{F78AC16D-72AE-4A2A-9862-30EFEE02252D}.Release|Any CPU.Build.0 = Release|Any CPU
		{1CABEB2B-6E57-4533-B1F2-F38243C2367F}.Debug|Any CPU.ActiveCfg = Debug|Any CPU
		{1CABEB2B-6E57-4533-B1F2-F38243C2367F}.Debug|Any CPU.Build.0 = Debug|Any CPU
		{1CABEB2B-6E57-4533-B1F2-F38243C2367F}.Release|Any CPU.ActiveCfg = Release|Any CPU
		{1CABEB2B-6E57-4533-B1F2-F38243C2367F}.Release|Any CPU.Build.0 = Release|Any CPU
	EndGlobalSection
	GlobalSection(SolutionProperties) = preSolution
		HideSolutionNode = FALSE
	EndGlobalSection
	GlobalSection(ExtensibilityGlobals) = postSolution
		SolutionGuid = {F6620FDB-E7CA-4BD7-B102-930073C17F31}
	EndGlobalSection
EndGlobal
